{
  "name": "feature-factory-monorepo",
  "lockfileVersion": 3,
  "requires": true,
  "packages": {
    "": {
      "name": "feature-factory-monorepo",
      "license": "MIT",
      "workspaces": [
        "packages/feature-factory",
        "packages/opencode-feature-factory"
      ],
      "engines": {
        "node": ">=22"
      }
    },
    "node_modules/feature-factory": {
      "resolved": "packages/feature-factory",
      "link": true
    },
    "node_modules/opencode-feature-factory": {
      "resolved": "packages/opencode-feature-factory",
      "link": true
    },
    "packages/feature-factory": {
      "version": "0.1.0",
      "license": "MIT",
      "bin": {
        "factory": "bin/factory.js"
      },
      "engines": {
        "node": ">=22"
      }
    },
    "packages/opencode-feature-factory": {
      "version": "0.3.0",
      "license": "MIT",
      "dependencies": {
        "feature-factory": "0.1.0"
      },
      "engines": {
        "node": ">=22"
      }
    }
  }
}
